
Microsoft Visual Studio Solution File, Format Version 12.00
# Visual Studio Version 17
VisualStudioVersion = 17.7.34221.43
MinimumVisualStudioVersion = 10.0.40219.1
Project("{FAE04EC0-301F-11D3-BF4B-00C04F79EFBC}") = "ToDo_forms", "ToDo_forms.csproj", "{5F4082D3-7F8E-49AB-9410-F69E5346316E}"
EndProject
Global
	GlobalSection(SolutionConfigurationPlatforms) = preSolution
		Debug|Any CPU = Debug|Any CPU
		Release|Any CPU = Release|Any CPU
	EndGlobalSection
	GlobalSection(ProjectConfigurationPlatforms) = postSolution
		{5F4082D3-7F8E-49AB-9410-F69E5346316E}.Debug|Any CPU.ActiveCfg = Debug|Any CPU
		{5F4082D3-7F8E-49AB-9410-F69E5346316E}.Debug|Any CPU.Build.0 = Debug|Any CPU
		{5F4082D3-7F8E-49AB-9410-F69E5346316E}.Release|Any CPU.ActiveCfg = Release|Any CPU
		{5F4082D3-7F8E-49AB-9410-F69E5346316E}.Release|Any CPU.Build.0 = Release|Any CPU
	EndGlobalSection
	GlobalSection(SolutionProperties) = preSolution
		HideSolutionNode = FALSE
	EndGlobalSection
	GlobalSection(ExtensibilityGlobals) = postSolution
		SolutionGuid = {D35E1F6D-B570-4939-BAAF-0D52AB1D7AE2}
	EndGlobalSection
EndGlobal
